
Microsoft Visual Studio Solution File, Format Version 12.00
# Visual Studio Version 16
VisualStudioVersion = 16.0.30907.101
MinimumVisualStudioVersion = 10.0.40219.1
Project("{8BC9CEB8-8B4A-11D0-8D11-00A0C91BC942}") = "Lesson_3.4_Sample", "Lesson_3.4_Sample.vcxproj", "{7C281E65-CDF1-455E-8B67-135E7F38403D}"
EndProject
Global
	GlobalSection(SolutionConfigurationPlatforms) = preSolution
		Debug|x64 = Debug|x64
		Debug|x86 = Debug|x86
		Release|x64 = Release|x64
		Release|x86 = Release|x86
	EndGlobalSection
	GlobalSection(ProjectConfigurationPlatforms) = postSolution
		{7C281E65-CDF1-455E-8B67-135E7F38403D}.Debug|x64.ActiveCfg = Debug|x64
		{7C281E65-CDF1-455E-8B67-135E7F38403D}.Debug|x64.Build.0 = Debug|x64
		{7C281E65-CDF1-455E-8B67-135E7F38403D}.Debug|x86.ActiveCfg = Debug|Win32
		{7C281E65-CDF1-455E-8B67-135E7F38403D}.Debug|x86.Build.0 = Debug|Win32
		{7C281E65-CDF1-455E-8B67-135E7F38403D}.Release|x64.ActiveCfg = Release|x64
		{7C281E65-CDF1-455E-8B67-135E7F38403D}.Release|x64.Build.0 = Release|x64
		{7C281E65-CDF1-455E-8B67-135E7F38403D}.Release|x86.ActiveCfg = Release|Win32
		{7C281E65-CDF1-455E-8B67-135E7F38403D}.Release|x86.Build.0 = Release|Win32
	EndGlobalSection
	GlobalSection(SolutionProperties) = preSolution
		HideSolutionNode = FALSE
	EndGlobalSection
	GlobalSection(ExtensibilityGlobals) = postSolution
		SolutionGuid = {78E49240-130B-40BD-A2F8-72DA34B7EA06}
	EndGlobalSection
EndGlobal
